// !$*UTF8*$!
{
	archiveVersion = 1;
	classes = {
	};
	objectVersion = 56;
	objects = {

/* Begin PBXBuildFile section */
		2558EAED548B28BFAC39748B /* Pods_PZXExpandableLabelDemo.framework in Frameworks */ = {isa = PBXBuildFile; fileRef = 25F66EE8D10E00090899E12D /* Pods_PZXExpandableLabelDemo.framework */; };
		89F5217C2CBF9B8C009AB590 /* Assets.xcassets in Resources */ = {isa = PBXBuildFile; fileRef = 89F521732CBF9B8C009AB590 /* Assets.xcassets */; };
		89F5217E2CBF9B8C009AB590 /* LaunchScreen.storyboard in Resources */ = {isa = PBXBuildFile; fileRef = 89F521762CBF9B8C009AB590 /* LaunchScreen.storyboard */; };
		89F5217F2CBF9B8C009AB590 /* Main.storyboard in Resources */ = {isa = PBXBuildFile; fileRef = 89F521782CBF9B8C009AB590 /* Main.storyboard */; };
		89F521802CBF9B8C009AB590 /* AppDelegate.swift in Sources */ = {isa = PBXBuildFile; fileRef = 89F521722CBF9B8C009AB590 /* AppDelegate.swift */; };
		89F521812CBF9B8C009AB590 /* SceneDelegate.swift in Sources */ = {isa = PBXBuildFile; fileRef = 89F521792CBF9B8C009AB590 /* SceneDelegate.swift */; };
		89F521822CBF9B8C009AB590 /* ViewController.swift in Sources */ = {isa = PBXBuildFile; fileRef = 89F5217A2CBF9B8C009AB590 /* ViewController.swift */; };
		89F521972CBF9E4C009AB590 /* NSAttributedStringRZ.swift in Sources */ = {isa = PBXBuildFile; fileRef = 89F5218C2CBF9E4C009AB590 /* NSAttributedStringRZ.swift */; };
		89F521982CBF9E4C009AB590 /* ParagraphStyleRZ.swift in Sources */ = {isa = PBXBuildFile; fileRef = 89F521852CBF9E4C009AB590 /* ParagraphStyleRZ.swift */; };
		89F521992CBF9E4C009AB590 /* TapActionHelperRZ.swift in Sources */ = {isa = PBXBuildFile; fileRef = 89F5218E2CBF9E4C009AB590 /* TapActionHelperRZ.swift */; };
		89F5219A2CBF9E4C009AB590 /* TextViewRZ.swift in Sources */ = {isa = PBXBuildFile; fileRef = 89F521902CBF9E4C009AB590 /* TextViewRZ.swift */; };
		89F5219B2CBF9E4C009AB590 /* ImageAttributeRZ.swift in Sources */ = {isa = PBXBuildFile; fileRef = 89F521842CBF9E4C009AB590 /* ImageAttributeRZ.swift */; };
		89F5219C2CBF9E4C009AB590 /* ViewRZ.swift in Sources */ = {isa = PBXBuildFile; fileRef = 89F521912CBF9E4C009AB590 /* ViewRZ.swift */; };
		89F5219D2CBF9E4C009AB590 /* LabelRZ.swift in Sources */ = {isa = PBXBuildFile; fileRef = 89F5218B2CBF9E4C009AB590 /* LabelRZ.swift */; };
		89F5219E2CBF9E4C009AB590 /* HtmlTransformRZ.swift in Sources */ = {isa = PBXBuildFile; fileRef = 89F521932CBF9E4C009AB590 /* HtmlTransformRZ.swift */; };
		89F5219F2CBF9E4C009AB590 /* ColorfulConferrerRZ.swift in Sources */ = {isa = PBXBuildFile; fileRef = 89F521832CBF9E4C009AB590 /* ColorfulConferrerRZ.swift */; };
		89F521A02CBF9E4C009AB590 /* NSAttributedStringRZHtml.swift in Sources */ = {isa = PBXBuildFile; fileRef = 89F521942CBF9E4C009AB590 /* NSAttributedStringRZHtml.swift */; };
		89F521A12CBF9E4C009AB590 /* LabelFoldRZ.swift in Sources */ = {isa = PBXBuildFile; fileRef = 89F5218A2CBF9E4C009AB590 /* LabelFoldRZ.swift */; };
		89F521A22CBF9E4C009AB590 /* TextFieldRZ.swift in Sources */ = {isa = PBXBuildFile; fileRef = 89F5218F2CBF9E4C009AB590 /* TextFieldRZ.swift */; };
		89F521A32CBF9E4C009AB590 /* ButtonRZ.swift in Sources */ = {isa = PBXBuildFile; fileRef = 89F521892CBF9E4C009AB590 /* ButtonRZ.swift */; };
		89F521A42CBF9E4C009AB590 /* TextAttributeRZ.swift in Sources */ = {isa = PBXBuildFile; fileRef = 89F521872CBF9E4C009AB590 /* TextAttributeRZ.swift */; };
		89F521A52CBF9E4C009AB590 /* ShadowStyleRZ.swift in Sources */ = {isa = PBXBuildFile; fileRef = 89F521862CBF9E4C009AB590 /* ShadowStyleRZ.swift */; };
		89F521A62CBF9E4C009AB590 /* RZColorfulSwiftBase.swift in Sources */ = {isa = PBXBuildFile; fileRef = 89F5218D2CBF9E4C009AB590 /* RZColorfulSwiftBase.swift */; };
/* End PBXBuildFile section */

/* Begin PBXFileReference section */
		1940CC31E70BC15C8B7D183A /* Pods-PZXExpandableLabelDemo.release.xcconfig */ = {isa = PBXFileReference; includeInIndex = 1; lastKnownFileType = text.xcconfig; name = "Pods-PZXExpandableLabelDemo.release.xcconfig"; path = "Target Support Files/Pods-PZXExpandableLabelDemo/Pods-PZXExpandableLabelDemo.release.xcconfig"; sourceTree = "<group>"; };
		25F66EE8D10E00090899E12D /* Pods_PZXExpandableLabelDemo.framework */ = {isa = PBXFileReference; explicitFileType = wrapper.framework; includeInIndex = 0; path = Pods_PZXExpandableLabelDemo.framework; sourceTree = BUILT_PRODUCTS_DIR; };
		3D7876A993B7B4271CBD2306 /* Pods-PZXExpandableLabelDemo.debug.xcconfig */ = {isa = PBXFileReference; includeInIndex = 1; lastKnownFileType = text.xcconfig; name = "Pods-PZXExpandableLabelDemo.debug.xcconfig"; path = "Target Support Files/Pods-PZXExpandableLabelDemo/Pods-PZXExpandableLabelDemo.debug.xcconfig"; sourceTree = "<group>"; };
		89F5215A2CBF8E1E009AB590 /* PZXExpandableLabelDemo.app */ = {isa = PBXFileReference; explicitFileType = wrapper.application; includeInIndex = 0; path = PZXExpandableLabelDemo.app; sourceTree = BUILT_PRODUCTS_DIR; };
		89F521722CBF9B8C009AB590 /* AppDelegate.swift */ = {isa = PBXFileReference; lastKnownFileType = sourcecode.swift; path = AppDelegate.swift; sourceTree = "<group>"; };
		89F521732CBF9B8C009AB590 /* Assets.xcassets */ = {isa = PBXFileReference; lastKnownFileType = folder.assetcatalog; path = Assets.xcassets; sourceTree = "<group>"; };
		89F521742CBF9B8C009AB590 /* Info.plist */ = {isa = PBXFileReference; lastKnownFileType = text.plist.xml; path = Info.plist; sourceTree = "<group>"; };
		89F521752CBF9B8C009AB590 /* Base */ = {isa = PBXFileReference; lastKnownFileType = file.storyboard; name = Base; path = Base.lproj/LaunchScreen.storyboard; sourceTree = "<group>"; };
		89F521772CBF9B8C009AB590 /* Base */ = {isa = PBXFileReference; lastKnownFileType = file.storyboard; name = Base; path = Base.lproj/Main.storyboard; sourceTree = "<group>"; };
		89F521792CBF9B8C009AB590 /* SceneDelegate.swift */ = {isa = PBXFileReference; lastKnownFileType = sourcecode.swift; path = SceneDelegate.swift; sourceTree = "<group>"; };
		89F5217A2CBF9B8C009AB590 /* ViewController.swift */ = {isa = PBXFileReference; lastKnownFileType = sourcecode.swift; path = ViewController.swift; sourceTree = "<group>"; };
		89F521832CBF9E4C009AB590 /* ColorfulConferrerRZ.swift */ = {isa = PBXFileReference; lastKnownFileType = sourcecode.swift; path = ColorfulConferrerRZ.swift; sourceTree = "<group>"; };
		89F521842CBF9E4C009AB590 /* ImageAttributeRZ.swift */ = {isa = PBXFileReference; lastKnownFileType = sourcecode.swift; path = ImageAttributeRZ.swift; sourceTree = "<group>"; };
		89F521852CBF9E4C009AB590 /* ParagraphStyleRZ.swift */ = {isa = PBXFileReference; lastKnownFileType = sourcecode.swift; path = ParagraphStyleRZ.swift; sourceTree = "<group>"; };
		89F521862CBF9E4C009AB590 /* ShadowStyleRZ.swift */ = {isa = PBXFileReference; lastKnownFileType = sourcecode.swift; path = ShadowStyleRZ.swift; sourceTree = "<group>"; };
		89F521872CBF9E4C009AB590 /* TextAttributeRZ.swift */ = {isa = PBXFileReference; lastKnownFileType = sourcecode.swift; path = TextAttributeRZ.swift; sourceTree = "<group>"; };
		89F521892CBF9E4C009AB590 /* ButtonRZ.swift */ = {isa = PBXFileReference; lastKnownFileType = sourcecode.swift; path = ButtonRZ.swift; sourceTree = "<group>"; };
		89F5218A2CBF9E4C009AB590 /* LabelFoldRZ.swift */ = {isa = PBXFileReference; lastKnownFileType = sourcecode.swift; path = LabelFoldRZ.swift; sourceTree = "<group>"; };
		89F5218B2CBF9E4C009AB590 /* LabelRZ.swift */ = {isa = PBXFileReference; lastKnownFileType = sourcecode.swift; path = LabelRZ.swift; sourceTree = "<group>"; };
		89F5218C2CBF9E4C009AB590 /* NSAttributedStringRZ.swift */ = {isa = PBXFileReference; lastKnownFileType = sourcecode.swift; path = NSAttributedStringRZ.swift; sourceTree = "<group>"; };
		89F5218D2CBF9E4C009AB590 /* RZColorfulSwiftBase.swift */ = {isa = PBXFileReference; lastKnownFileType = sourcecode.swift; path = RZColorfulSwiftBase.swift; sourceTree = "<group>"; };
		89F5218E2CBF9E4C009AB590 /* TapActionHelperRZ.swift */ = {isa = PBXFileReference; lastKnownFileType = sourcecode.swift; path = TapActionHelperRZ.swift; sourceTree = "<group>"; };
		89F5218F2CBF9E4C009AB590 /* TextFieldRZ.swift */ = {isa = PBXFileReference; lastKnownFileType = sourcecode.swift; path = TextFieldRZ.swift; sourceTree = "<group>"; };
		89F521902CBF9E4C009AB590 /* TextViewRZ.swift */ = {isa = PBXFileReference; lastKnownFileType = sourcecode.swift; path = TextViewRZ.swift; sourceTree = "<group>"; };
		89F521912CBF9E4C009AB590 /* ViewRZ.swift */ = {isa = PBXFileReference; lastKnownFileType = sourcecode.swift; path = ViewRZ.swift; sourceTree = "<group>"; };
		89F521932CBF9E4C009AB590 /* HtmlTransformRZ.swift */ = {isa = PBXFileReference; lastKnownFileType = sourcecode.swift; path = HtmlTransformRZ.swift; sourceTree = "<group>"; };
		89F521942CBF9E4C009AB590 /* NSAttributedStringRZHtml.swift */ = {isa = PBXFileReference; lastKnownFileType = sourcecode.swift; path = NSAttributedStringRZHtml.swift; sourceTree = "<group>"; };
/* End PBXFileReference section */

/* Begin PBXFrameworksBuildPhase section */
		89F521572CBF8E1E009AB590 /* Frameworks */ = {
			isa = PBXFrameworksBuildPhase;
			buildActionMask = 2147483647;
			files = (
				2558EAED548B28BFAC39748B /* Pods_PZXExpandableLabelDemo.framework in Frameworks */,
			);
			runOnlyForDeploymentPostprocessing = 0;
		};
/* End PBXFrameworksBuildPhase section */

/* Begin PBXGroup section */
		89F521512CBF8E1E009AB590 = {
			isa = PBXGroup;
			children = (
				89F5217B2CBF9B8C009AB590 /* PZXExpandableLabelDemo */,
				89F5215B2CBF8E1E009AB590 /* Products */,
				B4482C0A7679E2F62EB7C7F5 /* Pods */,
				EC9437451375CA1BC16A8E90 /* Frameworks */,
			);
			sourceTree = "<group>";
		};
		89F5215B2CBF8E1E009AB590 /* Products */ = {
			isa = PBXGroup;
			children = (
				89F5215A2CBF8E1E009AB590 /* PZXExpandableLabelDemo.app */,
			);
			name = Products;
			sourceTree = "<group>";
		};
		89F5217B2CBF9B8C009AB590 /* PZXExpandableLabelDemo */ = {
			isa = PBXGroup;
			children = (
				89F521722CBF9B8C009AB590 /* AppDelegate.swift */,
				89F521732CBF9B8C009AB590 /* Assets.xcassets */,
				89F521742CBF9B8C009AB590 /* Info.plist */,
				89F521762CBF9B8C009AB590 /* LaunchScreen.storyboard */,
				89F521782CBF9B8C009AB590 /* Main.storyboard */,
				89F521792CBF9B8C009AB590 /* SceneDelegate.swift */,
				89F5217A2CBF9B8C009AB590 /* ViewController.swift */,
				89F521962CBF9E4C009AB590 /* Classes */,
			);
			path = PZXExpandableLabelDemo;
			sourceTree = "<group>";
		};
		89F521882CBF9E4C009AB590 /* AttributeCore */ = {
			isa = PBXGroup;
			children = (
				89F521832CBF9E4C009AB590 /* ColorfulConferrerRZ.swift */,
				89F521842CBF9E4C009AB590 /* ImageAttributeRZ.swift */,
				89F521852CBF9E4C009AB590 /* ParagraphStyleRZ.swift */,
				89F521862CBF9E4C009AB590 /* ShadowStyleRZ.swift */,
				89F521872CBF9E4C009AB590 /* TextAttributeRZ.swift */,
			);
			path = AttributeCore;
			sourceTree = "<group>";
		};
		89F521922CBF9E4C009AB590 /* Core */ = {
			isa = PBXGroup;
			children = (
				89F521892CBF9E4C009AB590 /* ButtonRZ.swift */,
				89F5218A2CBF9E4C009AB590 /* LabelFoldRZ.swift */,
				89F5218B2CBF9E4C009AB590 /* LabelRZ.swift */,
				89F5218C2CBF9E4C009AB590 /* NSAttributedStringRZ.swift */,
				89F5218D2CBF9E4C009AB590 /* RZColorfulSwiftBase.swift */,
				89F5218E2CBF9E4C009AB590 /* TapActionHelperRZ.swift */,
				89F5218F2CBF9E4C009AB590 /* TextFieldRZ.swift */,
				89F521902CBF9E4C009AB590 /* TextViewRZ.swift */,
				89F521912CBF9E4C009AB590 /* ViewRZ.swift */,
			);
			path = Core;
			sourceTree = "<group>";
		};
		89F521952CBF9E4C009AB590 /* Html */ = {
			isa = PBXGroup;
			children = (
				89F521932CBF9E4C009AB590 /* HtmlTransformRZ.swift */,
				89F521942CBF9E4C009AB590 /* NSAttributedStringRZHtml.swift */,
			);
			path = Html;
			sourceTree = "<group>";
		};
		89F521962CBF9E4C009AB590 /* Classes */ = {
			isa = PBXGroup;
			children = (
				89F521882CBF9E4C009AB590 /* AttributeCore */,
				89F521922CBF9E4C009AB590 /* Core */,
				89F521952CBF9E4C009AB590 /* Html */,
			);
			path = Classes;
			sourceTree = "<group>";
		};
		B4482C0A7679E2F62EB7C7F5 /* Pods */ = {
			isa = PBXGroup;
			children = (
				3D7876A993B7B4271CBD2306 /* Pods-PZXExpandableLabelDemo.debug.xcconfig */,
				1940CC31E70BC15C8B7D183A /* Pods-PZXExpandableLabelDemo.release.xcconfig */,
			);
			path = Pods;
			sourceTree = "<group>";
		};
		EC9437451375CA1BC16A8E90 /* Frameworks */ = {
			isa = PBXGroup;
			children = (
				25F66EE8D10E00090899E12D /* Pods_PZXExpandableLabelDemo.framework */,
			);
			name = Frameworks;
			sourceTree = "<group>";
		};
/* End PBXGroup section */

/* Begin PBXNativeTarget section */
		89F521592CBF8E1E009AB590 /* PZXExpandableLabelDemo */ = {
			isa = PBXNativeTarget;
			buildConfigurationList = 89F5216D2CBF8E20009AB590 /* Build configuration list for PBXNativeTarget "PZXExpandableLabelDemo" */;
			buildPhases = (
				F1FB5FC6818F6788DA754BE9 /* [CP] Check Pods Manifest.lock */,
				89F521562CBF8E1E009AB590 /* Sources */,
				89F521572CBF8E1E009AB590 /* Frameworks */,
				89F521582CBF8E1E009AB590 /* Resources */,
				D7C75A23E13120BE10A10B97 /* [CP] Embed Pods Frameworks */,
			);
			buildRules = (
			);
			dependencies = (
			);
			name = PZXExpandableLabelDemo;
			productName = PZXExpandableLabelDemo;
			productReference = 89F5215A2CBF8E1E009AB590 /* PZXExpandableLabelDemo.app */;
			productType = "com.apple.product-type.application";
		};
/* End PBXNativeTarget section */

/* Begin PBXProject section */
		89F521522CBF8E1E009AB590 /* Project object */ = {
			isa = PBXProject;
			attributes = {
				BuildIndependentTargetsInParallel = 1;
				LastSwiftUpdateCheck = 1600;
				LastUpgradeCheck = 1600;
				TargetAttributes = {
					89F521592CBF8E1E009AB590 = {
						CreatedOnToolsVersion = 16.0;
					};
				};
			};
			buildConfigurationList = 89F521552CBF8E1E009AB590 /* Build configuration list for PBXProject "PZXExpandableLabelDemo" */;
			compatibilityVersion = "Xcode 14.0";
			developmentRegion = en;
			hasScannedForEncodings = 0;
			knownRegions = (
				en,
				Base,
			);
			mainGroup = 89F521512CBF8E1E009AB590;
			productRefGroup = 89F5215B2CBF8E1E009AB590 /* Products */;
			projectDirPath = "";
			projectRoot = "";
			targets = (
				89F521592CBF8E1E009AB590 /* PZXExpandableLabelDemo */,
			);
		};
/* End PBXProject section */

/* Begin PBXResourcesBuildPhase section */
		89F521582CBF8E1E009AB590 /* Resources */ = {
			isa = PBXResourcesBuildPhase;
			buildActionMask = 2147483647;
			files = (
				89F5217C2CBF9B8C009AB590 /* Assets.xcassets in Resources */,
				89F5217E2CBF9B8C009AB590 /* LaunchScreen.storyboard in Resources */,
				89F5217F2CBF9B8C009AB590 /* Main.storyboard in Resources */,
			);
			runOnlyForDeploymentPostprocessing = 0;
		};
/* End PBXResourcesBuildPhase section */

/* Begin PBXShellScriptBuildPhase section */
		D7C75A23E13120BE10A10B97 /* [CP] Embed Pods Frameworks */ = {
			isa = PBXShellScriptBuildPhase;
			buildActionMask = 2147483647;
			files = (
			);
			inputFileListPaths = (
				"${PODS_ROOT}/Target Support Files/Pods-PZXExpandableLabelDemo/Pods-PZXExpandableLabelDemo-frameworks-${CONFIGURATION}-input-files.xcfilelist",
			);
			name = "[CP] Embed Pods Frameworks";
			outputFileListPaths = (
				"${PODS_ROOT}/Target Support Files/Pods-PZXExpandableLabelDemo/Pods-PZXExpandableLabelDemo-frameworks-${CONFIGURATION}-output-files.xcfilelist",
			);
			runOnlyForDeploymentPostprocessing = 0;
			shellPath = /bin/sh;
			shellScript = "\"${PODS_ROOT}/Target Support Files/Pods-PZXExpandableLabelDemo/Pods-PZXExpandableLabelDemo-frameworks.sh\"\n";
			showEnvVarsInLog = 0;
		};
		F1FB5FC6818F6788DA754BE9 /* [CP] Check Pods Manifest.lock */ = {
			isa = PBXShellScriptBuildPhase;
			buildActionMask = 2147483647;
			files = (
			);
			inputFileListPaths = (
			);
			inputPaths = (
				"${PODS_PODFILE_DIR_PATH}/Podfile.lock",
				"${PODS_ROOT}/Manifest.lock",
			);
			name = "[CP] Check Pods Manifest.lock";
			outputFileListPaths = (
			);
			outputPaths = (
				"$(DERIVED_FILE_DIR)/Pods-PZXExpandableLabelDemo-checkManifestLockResult.txt",
			);
			runOnlyForDeploymentPostprocessing = 0;
			shellPath = /bin/sh;
			shellScript = "diff \"${PODS_PODFILE_DIR_PATH}/Podfile.lock\" \"${PODS_ROOT}/Manifest.lock\" > /dev/null\nif [ $? != 0 ] ; then\n    # print error to STDERR\n    echo \"error: The sandbox is not in sync with the Podfile.lock. Run 'pod install' or update your CocoaPods installation.\" >&2\n    exit 1\nfi\n# This output is used by Xcode 'outputs' to avoid re-running this script phase.\necho \"SUCCESS\" > \"${SCRIPT_OUTPUT_FILE_0}\"\n";
			showEnvVarsInLog = 0;
		};
/* End PBXShellScriptBuildPhase section */

/* Begin PBXSourcesBuildPhase section */
		89F521562CBF8E1E009AB590 /* Sources */ = {
			isa = PBXSourcesBuildPhase;
			buildActionMask = 2147483647;
			files = (
				89F521802CBF9B8C009AB590 /* AppDelegate.swift in Sources */,
				89F521972CBF9E4C009AB590 /* NSAttributedStringRZ.swift in Sources */,
				89F521982CBF9E4C009AB590 /* ParagraphStyleRZ.swift in Sources */,
				89F521992CBF9E4C009AB590 /* TapActionHelperRZ.swift in Sources */,
				89F5219A2CBF9E4C009AB590 /* TextViewRZ.swift in Sources */,
				89F5219B2CBF9E4C009AB590 /* ImageAttributeRZ.swift in Sources */,
				89F5219C2CBF9E4C009AB590 /* ViewRZ.swift in Sources */,
				89F5219D2CBF9E4C009AB590 /* LabelRZ.swift in Sources */,
				89F5219E2CBF9E4C009AB590 /* HtmlTransformRZ.swift in Sources */,
				89F5219F2CBF9E4C009AB590 /* ColorfulConferrerRZ.swift in Sources */,
				89F521A02CBF9E4C009AB590 /* NSAttributedStringRZHtml.swift in Sources */,
				89F521A12CBF9E4C009AB590 /* LabelFoldRZ.swift in Sources */,
				89F521A22CBF9E4C009AB590 /* TextFieldRZ.swift in Sources */,
				89F521A32CBF9E4C009AB590 /* ButtonRZ.swift in Sources */,
				89F521A42CBF9E4C009AB590 /* TextAttributeRZ.swift in Sources */,
				89F521A52CBF9E4C009AB590 /* ShadowStyleRZ.swift in Sources */,
				89F521A62CBF9E4C009AB590 /* RZColorfulSwiftBase.swift in Sources */,
				89F521812CBF9B8C009AB590 /* SceneDelegate.swift in Sources */,
				89F521822CBF9B8C009AB590 /* ViewController.swift in Sources */,
			);
			runOnlyForDeploymentPostprocessing = 0;
		};
/* End PBXSourcesBuildPhase section */

/* Begin PBXVariantGroup section */
		89F521762CBF9B8C009AB590 /* LaunchScreen.storyboard */ = {
			isa = PBXVariantGroup;
			children = (
				89F521752CBF9B8C009AB590 /* Base */,
			);
			name = LaunchScreen.storyboard;
			sourceTree = "<group>";
		};
		89F521782CBF9B8C009AB590 /* Main.storyboard */ = {
			isa = PBXVariantGroup;
			children = (
				89F521772CBF9B8C009AB590 /* Base */,
			);
			name = Main.storyboard;
			sourceTree = "<group>";
		};
/* End PBXVariantGroup section */

/* Begin XCBuildConfiguration section */
		89F5216E2CBF8E20009AB590 /* Debug */ = {
			isa = XCBuildConfiguration;
			baseConfigurationReference = 3D7876A993B7B4271CBD2306 /* Pods-PZXExpandableLabelDemo.debug.xcconfig */;
			buildSettings = {
				ASSETCATALOG_COMPILER_APPICON_NAME = AppIcon;
				ASSETCATALOG_COMPILER_GLOBAL_ACCENT_COLOR_NAME = AccentColor;
				CODE_SIGN_STYLE = Automatic;
				CURRENT_PROJECT_VERSION = 1;
				DEVELOPMENT_TEAM = KCNSS22SRZ;
				GENERATE_INFOPLIST_FILE = YES;
				INFOPLIST_FILE = PZXExpandableLabelDemo/Info.plist;
				INFOPLIST_KEY_UIApplicationSupportsIndirectInputEvents = YES;
				INFOPLIST_KEY_UILaunchStoryboardName = LaunchScreen;
				INFOPLIST_KEY_UIMainStoryboardFile = Main;
				INFOPLIST_KEY_UISupportedInterfaceOrientations_iPad = "UIInterfaceOrientationPortrait UIInterfaceOrientationPortraitUpsideDown UIInterfaceOrientationLandscapeLeft UIInterfaceOrientationLandscapeRight";
				INFOPLIST_KEY_UISupportedInterfaceOrientations_iPhone = "UIInterfaceOrientationPortrait UIInterfaceOrientationLandscapeLeft UIInterfaceOrientationLandscapeRight";
				LD_RUNPATH_SEARCH_PATHS = (
					"$(inherited)",
					"@executable_path/Frameworks",
				);
				MARKETING_VERSION = 1.0;
				PRODUCT_BUNDLE_IDENTIFIER = pzx.PZXExpandableLabelDemo;
				PRODUCT_NAME = "$(TARGET_NAME)";
				SWIFT_EMIT_LOC_STRINGS = YES;
				SWIFT_VERSION = 5.0;
				TARGETED_DEVICE_FAMILY = "1,2";
			};
			name = Debug;
		};
		89F5216F2CBF8E20009AB590 /* Release */ = {
			isa = XCBuildConfiguration;
			baseConfigurationReference = 1940CC31E70BC15C8B7D183A /* Pods-PZXExpandableLabelDemo.release.xcconfig */;
			buildSettings = {
				ASSETCATALOG_COMPILER_APPICON_NAME = AppIcon;
				ASSETCATALOG_COMPILER_GLOBAL_ACCENT_COLOR_NAME = AccentColor;
				CODE_SIGN_STYLE = Automatic;
				CURRENT_PROJECT_VERSION = 1;
				DEVELOPMENT_TEAM = KCNSS22SRZ;
				GENERATE_INFOPLIST_FILE = YES;
				INFOPLIST_FILE = PZXExpandableLabelDemo/Info.plist;
				INFOPLIST_KEY_UIApplicationSupportsIndirectInputEvents = YES;
				INFOPLIST_KEY_UILaunchStoryboardName = LaunchScreen;
				INFOPLIST_KEY_UIMainStoryboardFile = Main;
				INFOPLIST_KEY_UISupportedInterfaceOrientations_iPad = "UIInterfaceOrientationPortrait UIInterfaceOrientationPortraitUpsideDown UIInterfaceOrientationLandscapeLeft UIInterfaceOrientationLandscapeRight";
				INFOPLIST_KEY_UISupportedInterfaceOrientations_iPhone = "UIInterfaceOrientationPortrait UIInterfaceOrientationLandscapeLeft UIInterfaceOrientationLandscapeRight";
				LD_RUNPATH_SEARCH_PATHS = (
					"$(inherited)",
					"@executable_path/Frameworks",
				);
				MARKETING_VERSION = 1.0;
				PRODUCT_BUNDLE_IDENTIFIER = pzx.PZXExpandableLabelDemo;
				PRODUCT_NAME = "$(TARGET_NAME)";
				SWIFT_EMIT_LOC_STRINGS = YES;
				SWIFT_VERSION = 5.0;
				TARGETED_DEVICE_FAMILY = "1,2";
			};
			name = Release;
		};
		89F521702CBF8E20009AB590 /* Debug */ = {
			isa = XCBuildConfiguration;
			buildSettings = {
				ALWAYS_SEARCH_USER_PATHS = NO;
				ASSETCATALOG_COMPILER_GENERATE_SWIFT_ASSET_SYMBOL_EXTENSIONS = YES;
				CLANG_ANALYZER_NONNULL = YES;
				CLANG_ANALYZER_NUMBER_OBJECT_CONVERSION = YES_AGGRESSIVE;
				CLANG_CXX_LANGUAGE_STANDARD = "gnu++20";
				CLANG_ENABLE_MODULES = YES;
				CLANG_ENABLE_OBJC_ARC = YES;
				CLANG_ENABLE_OBJC_WEAK = YES;
				CLANG_WARN_BLOCK_CAPTURE_AUTORELEASING = YES;
				CLANG_WARN_BOOL_CONVERSION = YES;
				CLANG_WARN_COMMA = YES;
				CLANG_WARN_CONSTANT_CONVERSION = YES;
				CLANG_WARN_DEPRECATED_OBJC_IMPLEMENTATIONS = YES;
				CLANG_WARN_DIRECT_OBJC_ISA_USAGE = YES_ERROR;
				CLANG_WARN_DOCUMENTATION_COMMENTS = YES;
				CLANG_WARN_EMPTY_BODY = YES;
				CLANG_WARN_ENUM_CONVERSION = YES;
				CLANG_WARN_INFINITE_RECURSION = YES;
				CLANG_WARN_INT_CONVERSION = YES;
				CLANG_WARN_NON_LITERAL_NULL_CONVERSION = YES;
				CLANG_WARN_OBJC_IMPLICIT_RETAIN_SELF = YES;
				CLANG_WARN_OBJC_LITERAL_CONVERSION = YES;
				CLANG_WARN_OBJC_ROOT_CLASS = YES_ERROR;
				CLANG_WARN_QUOTED_INCLUDE_IN_FRAMEWORK_HEADER = YES;
				CLANG_WARN_RANGE_LOOP_ANALYSIS = YES;
				CLANG_WARN_STRICT_PROTOTYPES = YES;
				CLANG_WARN_SUSPICIOUS_MOVE = YES;
				CLANG_WARN_UNGUARDED_AVAILABILITY = YES_AGGRESSIVE;
				CLANG_WARN_UNREACHABLE_CODE = YES;
				CLANG_WARN__DUPLICATE_METHOD_MATCH = YES;
				COPY_PHASE_STRIP = NO;
				DEBUG_INFORMATION_FORMAT = dwarf;
				ENABLE_STRICT_OBJC_MSGSEND = YES;
				ENABLE_TESTABILITY = YES;
				ENABLE_USER_SCRIPT_SANDBOXING = NO;
				GCC_C_LANGUAGE_STANDARD = gnu17;
				GCC_DYNAMIC_NO_PIC = NO;
				GCC_NO_COMMON_BLOCKS = YES;
				GCC_OPTIMIZATION_LEVEL = 0;
				GCC_PREPROCESSOR_DEFINITIONS = (
					"DEBUG=1",
					"$(inherited)",
				);
				GCC_WARN_64_TO_32_BIT_CONVERSION = YES;
				GCC_WARN_ABOUT_RETURN_TYPE = YES_ERROR;
				GCC_WARN_UNDECLARED_SELECTOR = YES;
				GCC_WARN_UNINITIALIZED_AUTOS = YES_AGGRESSIVE;
				GCC_WARN_UNUSED_FUNCTION = YES;
				GCC_WARN_UNUSED_VARIABLE = YES;
				IPHONEOS_DEPLOYMENT_TARGET = 18.0;
				LOCALIZATION_PREFERS_STRING_CATALOGS = YES;
				MTL_ENABLE_DEBUG_INFO = INCLUDE_SOURCE;
				MTL_FAST_MATH = YES;
				ONLY_ACTIVE_ARCH = YES;
				SDKROOT = iphoneos;
				SWIFT_ACTIVE_COMPILATION_CONDITIONS = "DEBUG $(inherited)";
				SWIFT_OPTIMIZATION_LEVEL = "-Onone";
			};
			name = Debug;
		};
		89F521712CBF8E20009AB590 /* Release */ = {
			isa = XCBuildConfiguration;
			buildSettings = {
				ALWAYS_SEARCH_USER_PATHS = NO;
				ASSETCATALOG_COMPILER_GENERATE_SWIFT_ASSET_SYMBOL_EXTENSIONS = YES;
				CLANG_ANALYZER_NONNULL = YES;
				CLANG_ANALYZER_NUMBER_OBJECT_CONVERSION = YES_AGGRESSIVE;
				CLANG_CXX_LANGUAGE_STANDARD = "gnu++20";
				CLANG_ENABLE_MODULES = YES;
				CLANG_ENABLE_OBJC_ARC = YES;
				CLANG_ENABLE_OBJC_WEAK = YES;
				CLANG_WARN_BLOCK_CAPTURE_AUTORELEASING = YES;
				CLANG_WARN_BOOL_CONVERSION = YES;
				CLANG_WARN_COMMA = YES;
				CLANG_WARN_CONSTANT_CONVERSION = YES;
				CLANG_WARN_DEPRECATED_OBJC_IMPLEMENTATIONS = YES;
				CLANG_WARN_DIRECT_OBJC_ISA_USAGE = YES_ERROR;
				CLANG_WARN_DOCUMENTATION_COMMENTS = YES;
				CLANG_WARN_EMPTY_BODY = YES;
				CLANG_WARN_ENUM_CONVERSION = YES;
				CLANG_WARN_INFINITE_RECURSION = YES;
				CLANG_WARN_INT_CONVERSION = YES;
				CLANG_WARN_NON_LITERAL_NULL_CONVERSION = YES;
				CLANG_WARN_OBJC_IMPLICIT_RETAIN_SELF = YES;
				CLANG_WARN_OBJC_LITERAL_CONVERSION = YES;
				CLANG_WARN_OBJC_ROOT_CLASS = YES_ERROR;
				CLANG_WARN_QUOTED_INCLUDE_IN_FRAMEWORK_HEADER = YES;
				CLANG_WARN_RANGE_LOOP_ANALYSIS = YES;
				CLANG_WARN_STRICT_PROTOTYPES = YES;
				CLANG_WARN_SUSPICIOUS_MOVE = YES;
				CLANG_WARN_UNGUARDED_AVAILABILITY = YES_AGGRESSIVE;
				CLANG_WARN_UNREACHABLE_CODE = YES;
				CLANG_WARN__DUPLICATE_METHOD_MATCH = YES;
				COPY_PHASE_STRIP = NO;
				DEBUG_INFORMATION_FORMAT = "dwarf-with-dsym";
				ENABLE_NS_ASSERTIONS = NO;
				ENABLE_STRICT_OBJC_MSGSEND = YES;
				ENABLE_USER_SCRIPT_SANDBOXING = NO;
				GCC_C_LANGUAGE_STANDARD = gnu17;
				GCC_NO_COMMON_BLOCKS = YES;
				GCC_WARN_64_TO_32_BIT_CONVERSION = YES;
				GCC_WARN_ABOUT_RETURN_TYPE = YES_ERROR;
				GCC_WARN_UNDECLARED_SELECTOR = YES;
				GCC_WARN_UNINITIALIZED_AUTOS = YES_AGGRESSIVE;
				GCC_WARN_UNUSED_FUNCTION = YES;
				GCC_WARN_UNUSED_VARIABLE = YES;
				IPHONEOS_DEPLOYMENT_TARGET = 18.0;
				LOCALIZATION_PREFERS_STRING_CATALOGS = YES;
				MTL_ENABLE_DEBUG_INFO = NO;
				MTL_FAST_MATH = YES;
				SDKROOT = iphoneos;
				SWIFT_COMPILATION_MODE = wholemodule;
				VALIDATE_PRODUCT = YES;
			};
			name = Release;
		};
/* End XCBuildConfiguration section */

/* Begin XCConfigurationList section */
		89F521552CBF8E1E009AB590 /* Build configuration list for PBXProject "PZXExpandableLabelDemo" */ = {
			isa = XCConfigurationList;
			buildConfigurations = (
				89F521702CBF8E20009AB590 /* Debug */,
				89F521712CBF8E20009AB590 /* Release */,
			);
			defaultConfigurationIsVisible = 0;
			defaultConfigurationName = Release;
		};
		89F5216D2CBF8E20009AB590 /* Build configuration list for PBXNativeTarget "PZXExpandableLabelDemo" */ = {
			isa = XCConfigurationList;
			buildConfigurations = (
				89F5216E2CBF8E20009AB590 /* Debug */,
				89F5216F2CBF8E20009AB590 /* Release */,
			);
			defaultConfigurationIsVisible = 0;
			defaultConfigurationName = Release;
		};
/* End XCConfigurationList section */
	};
	rootObject = 89F521522CBF8E1E009AB590 /* Project object */;
}
